
Microsoft Visual Studio Solution File, Format Version 12.00
# Visual Studio Version 16
VisualStudioVersion = 16.0.31515.178
MinimumVisualStudioVersion = 10.0.40219.1
Project("{9A19103F-16F7-4668-BE54-9A1E7A4F7556}") = "CBSMapInfo", "CBSMapInfo\CBSMapInfo.csproj", "{E41D7835-B544-4421-B176-FEC0941D456C}"
EndProject
Global
	GlobalSection(SolutionConfigurationPlatforms) = preSolution
		Debug|Any CPU = Debug|Any CPU
		Release|Any CPU = Release|Any CPU
	EndGlobalSection
	GlobalSection(ProjectConfigurationPlatforms) = postSolution
		{E41D7835-B544-4421-B176-FEC0941D456C}.Debug|Any CPU.ActiveCfg = Debug|Any CPU
		{E41D7835-B544-4421-B176-FEC0941D456C}.Debug|Any CPU.Build.0 = Debug|Any CPU
		{E41D7835-B544-4421-B176-FEC0941D456C}.Release|Any CPU.ActiveCfg = Release|Any CPU
		{E41D7835-B544-4421-B176-FEC0941D456C}.Release|Any CPU.Build.0 = Release|Any CPU
	EndGlobalSection
	GlobalSection(SolutionProperties) = preSolution
		HideSolutionNode = FALSE
	EndGlobalSection
	GlobalSection(ExtensibilityGlobals) = postSolution
		SolutionGuid = {D618B59B-0382-4841-91BF-4805FEB98991}
	EndGlobalSection
EndGlobal
